
Microsoft Visual Studio Solution File, Format Version 12.00
# Visual Studio Version 16
VisualStudioVersion = 16.0.31313.79
MinimumVisualStudioVersion = 10.0.40219.1
Project("{FAE04EC0-301F-11D3-BF4B-00C04F79EFBC}") = "Assignment03_SENG8040", "Assignment03_SENG8040\Assignment03_SENG8040.csproj", "{45F4B12A-1644-4361-95FA-B0DD51A9C8DD}"
EndProject
Project("{FAE04EC0-301F-11D3-BF4B-00C04F79EFBC}") = "CalcTest", "CalcTest\CalcTest.csproj", "{1982D1AC-1D22-450C-974F-A54C02E373B5}"
EndProject
Global
	GlobalSection(SolutionConfigurationPlatforms) = preSolution
		Debug|Any CPU = Debug|Any CPU
		Release|Any CPU = Release|Any CPU
	EndGlobalSection
	GlobalSection(ProjectConfigurationPlatforms) = postSolution
		{45F4B12A-1644-4361-95FA-B0DD51A9C8DD}.Debug|Any CPU.ActiveCfg = Debug|Any CPU
		{45F4B12A-1644-4361-95FA-B0DD51A9C8DD}.Debug|Any CPU.Build.0 = Debug|Any CPU
		{45F4B12A-1644-4361-95FA-B0DD51A9C8DD}.Release|Any CPU.ActiveCfg = Release|Any CPU
		{45F4B12A-1644-4361-95FA-B0DD51A9C8DD}.Release|Any CPU.Build.0 = Release|Any CPU
		{1982D1AC-1D22-450C-974F-A54C02E373B5}.Debug|Any CPU.ActiveCfg = Debug|Any CPU
		{1982D1AC-1D22-450C-974F-A54C02E373B5}.Debug|Any CPU.Build.0 = Debug|Any CPU
		{1982D1AC-1D22-450C-974F-A54C02E373B5}.Release|Any CPU.ActiveCfg = Release|Any CPU
		{1982D1AC-1D22-450C-974F-A54C02E373B5}.Release|Any CPU.Build.0 = Release|Any CPU
	EndGlobalSection
	GlobalSection(SolutionProperties) = preSolution
		HideSolutionNode = FALSE
	EndGlobalSection
	GlobalSection(ExtensibilityGlobals) = postSolution
		SolutionGuid = {1AE3543A-47D9-43CF-9BBF-6DD269ABFA2C}
	EndGlobalSection
EndGlobal
