
Microsoft Visual Studio Solution File, Format Version 12.00
# Visual Studio Version 16
VisualStudioVersion = 16.0.31313.79
MinimumVisualStudioVersion = 10.0.40219.1
Project("{9A19103F-16F7-4668-BE54-9A1E7A4F7556}") = "Assignment02_SENG8040", "Assignment02_SENG8040\Assignment02_SENG8040.csproj", "{B8834223-5177-4CA8-AA54-8357803088EE}"
EndProject
Project("{FAE04EC0-301F-11D3-BF4B-00C04F79EFBC}") = "TriangleTest", "TriangleTest\TriangleTest.csproj", "{B50E4E97-FA71-4573-94C4-05DA9A67E422}"
EndProject
Global
	GlobalSection(SolutionConfigurationPlatforms) = preSolution
		Debug|Any CPU = Debug|Any CPU
		Release|Any CPU = Release|Any CPU
	EndGlobalSection
	GlobalSection(ProjectConfigurationPlatforms) = postSolution
		{B8834223-5177-4CA8-AA54-8357803088EE}.Debug|Any CPU.ActiveCfg = Debug|Any CPU
		{B8834223-5177-4CA8-AA54-8357803088EE}.Debug|Any CPU.Build.0 = Debug|Any CPU
		{B8834223-5177-4CA8-AA54-8357803088EE}.Release|Any CPU.ActiveCfg = Release|Any CPU
		{B8834223-5177-4CA8-AA54-8357803088EE}.Release|Any CPU.Build.0 = Release|Any CPU
		{B50E4E97-FA71-4573-94C4-05DA9A67E422}.Debug|Any CPU.ActiveCfg = Debug|Any CPU
		{B50E4E97-FA71-4573-94C4-05DA9A67E422}.Debug|Any CPU.Build.0 = Debug|Any CPU
		{B50E4E97-FA71-4573-94C4-05DA9A67E422}.Release|Any CPU.ActiveCfg = Release|Any CPU
		{B50E4E97-FA71-4573-94C4-05DA9A67E422}.Release|Any CPU.Build.0 = Release|Any CPU
	EndGlobalSection
	GlobalSection(SolutionProperties) = preSolution
		HideSolutionNode = FALSE
	EndGlobalSection
	GlobalSection(ExtensibilityGlobals) = postSolution
		SolutionGuid = {B681A4E4-C731-4512-AC78-25C1756ACB9E}
	EndGlobalSection
EndGlobal
